
Microsoft Visual Studio Solution File, Format Version 12.00
# Visual Studio 14
VisualStudioVersion = 14.0.23107.0
MinimumVisualStudioVersion = 10.0.40219.1
Project("{FAE04EC0-301F-11D3-BF4B-00C04F79EFBC}") = "Numbers.UI", "Numbers.UI\Numbers.UI.csproj", "{3E40DA6E-852D-472A-8639-976D791DCDFA}"
EndProject
Project("{FAE04EC0-301F-11D3-BF4B-00C04F79EFBC}") = "Numbers.UI.Tests", "Numbers.UI.Tests\Numbers.UI.Tests.csproj", "{F2CB765B-E5A5-4EFD-8166-7DA44C0F3DC6}"
EndProject
Project("{FAE04EC0-301F-11D3-BF4B-00C04F79EFBC}") = "Numbers", "Numbers\Numbers.csproj", "{07D3F574-DE2A-484E-97AB-E4AB967840A0}"
EndProject
Project("{FAE04EC0-301F-11D3-BF4B-00C04F79EFBC}") = "Numbers.Tests", "Numbers.Tests\Numbers.Tests.csproj", "{8FE39C55-B59E-457C-BE9D-C9C5BA984A8C}"
EndProject
Project("{FAE04EC0-301F-11D3-BF4B-00C04F79EFBC}") = "Numbers.Contracts", "Numbers.Contracts\Numbers.Contracts.csproj", "{6CB0F8E5-4CD5-4678-9071-242EDC425A41}"
EndProject
Project("{FAE04EC0-301F-11D3-BF4B-00C04F79EFBC}") = "Numbers.Services", "Numbers.Services\Numbers.Services.csproj", "{113B6674-3DB6-4CCC-8AD8-8D489D1B5149}"
EndProject
Project("{FAE04EC0-301F-11D3-BF4B-00C04F79EFBC}") = "Numbers.Host", "Numbers.Host\Numbers.Host.csproj", "{00D0B2BF-4CB7-4374-944B-CC2080D07059}"
EndProject
Project("{FAE04EC0-301F-11D3-BF4B-00C04F79EFBC}") = "Numbers.Services.Tests", "Numbers.Services.Tests\Numbers.Services.Tests.csproj", "{BCCD6567-EE0F-4DB6-97CE-08F3BADD4A10}"
EndProject
Global
	GlobalSection(SolutionConfigurationPlatforms) = preSolution
		Debug|Any CPU = Debug|Any CPU
		Release|Any CPU = Release|Any CPU
	EndGlobalSection
	GlobalSection(ProjectConfigurationPlatforms) = postSolution
		{3E40DA6E-852D-472A-8639-976D791DCDFA}.Debug|Any CPU.ActiveCfg = Debug|Any CPU
		{3E40DA6E-852D-472A-8639-976D791DCDFA}.Debug|Any CPU.Build.0 = Debug|Any CPU
		{3E40DA6E-852D-472A-8639-976D791DCDFA}.Release|Any CPU.ActiveCfg = Release|Any CPU
		{3E40DA6E-852D-472A-8639-976D791DCDFA}.Release|Any CPU.Build.0 = Release|Any CPU
		{F2CB765B-E5A5-4EFD-8166-7DA44C0F3DC6}.Debug|Any CPU.ActiveCfg = Debug|Any CPU
		{F2CB765B-E5A5-4EFD-8166-7DA44C0F3DC6}.Debug|Any CPU.Build.0 = Debug|Any CPU
		{F2CB765B-E5A5-4EFD-8166-7DA44C0F3DC6}.Release|Any CPU.ActiveCfg = Release|Any CPU
		{F2CB765B-E5A5-4EFD-8166-7DA44C0F3DC6}.Release|Any CPU.Build.0 = Release|Any CPU
		{07D3F574-DE2A-484E-97AB-E4AB967840A0}.Debug|Any CPU.ActiveCfg = Debug|Any CPU
		{07D3F574-DE2A-484E-97AB-E4AB967840A0}.Debug|Any CPU.Build.0 = Debug|Any CPU
		{07D3F574-DE2A-484E-97AB-E4AB967840A0}.Release|Any CPU.ActiveCfg = Release|Any CPU
		{07D3F574-DE2A-484E-97AB-E4AB967840A0}.Release|Any CPU.Build.0 = Release|Any CPU
		{8FE39C55-B59E-457C-BE9D-C9C5BA984A8C}.Debug|Any CPU.ActiveCfg = Debug|Any CPU
		{8FE39C55-B59E-457C-BE9D-C9C5BA984A8C}.Debug|Any CPU.Build.0 = Debug|Any CPU
		{8FE39C55-B59E-457C-BE9D-C9C5BA984A8C}.Release|Any CPU.ActiveCfg = Release|Any CPU
		{8FE39C55-B59E-457C-BE9D-C9C5BA984A8C}.Release|Any CPU.Build.0 = Release|Any CPU
		{6CB0F8E5-4CD5-4678-9071-242EDC425A41}.Debug|Any CPU.ActiveCfg = Debug|Any CPU
		{6CB0F8E5-4CD5-4678-9071-242EDC425A41}.Debug|Any CPU.Build.0 = Debug|Any CPU
		{6CB0F8E5-4CD5-4678-9071-242EDC425A41}.Release|Any CPU.ActiveCfg = Release|Any CPU
		{6CB0F8E5-4CD5-4678-9071-242EDC425A41}.Release|Any CPU.Build.0 = Release|Any CPU
		{113B6674-3DB6-4CCC-8AD8-8D489D1B5149}.Debug|Any CPU.ActiveCfg = Debug|Any CPU
		{113B6674-3DB6-4CCC-8AD8-8D489D1B5149}.Debug|Any CPU.Build.0 = Debug|Any CPU
		{113B6674-3DB6-4CCC-8AD8-8D489D1B5149}.Release|Any CPU.ActiveCfg = Release|Any CPU
		{113B6674-3DB6-4CCC-8AD8-8D489D1B5149}.Release|Any CPU.Build.0 = Release|Any CPU
		{00D0B2BF-4CB7-4374-944B-CC2080D07059}.Debug|Any CPU.ActiveCfg = Debug|Any CPU
		{00D0B2BF-4CB7-4374-944B-CC2080D07059}.Debug|Any CPU.Build.0 = Debug|Any CPU
		{00D0B2BF-4CB7-4374-944B-CC2080D07059}.Release|Any CPU.ActiveCfg = Release|Any CPU
		{00D0B2BF-4CB7-4374-944B-CC2080D07059}.Release|Any CPU.Build.0 = Release|Any CPU
		{BCCD6567-EE0F-4DB6-97CE-08F3BADD4A10}.Debug|Any CPU.ActiveCfg = Debug|Any CPU
		{BCCD6567-EE0F-4DB6-97CE-08F3BADD4A10}.Debug|Any CPU.Build.0 = Debug|Any CPU
		{BCCD6567-EE0F-4DB6-97CE-08F3BADD4A10}.Release|Any CPU.ActiveCfg = Release|Any CPU
		{BCCD6567-EE0F-4DB6-97CE-08F3BADD4A10}.Release|Any CPU.Build.0 = Release|Any CPU
	EndGlobalSection
	GlobalSection(SolutionProperties) = preSolution
		HideSolutionNode = FALSE
	EndGlobalSection
EndGlobal
